
Microsoft Visual Studio Solution File, Format Version 12.00
# Visual Studio 15
VisualStudioVersion = 15.0.28307.1145
MinimumVisualStudioVersion = 10.0.40219.1
Project("{FAE04EC0-301F-11D3-BF4B-00C04F79EFBC}") = "Agile_Nhom99", "Agile_Nhom99\Agile_Nhom99.csproj", "{BAF38DBA-72AC-453F-A211-063E4689E304}"
EndProject
Global
	GlobalSection(SolutionConfigurationPlatforms) = preSolution
		Debug|Any CPU = Debug|Any CPU
		Release|Any CPU = Release|Any CPU
	EndGlobalSection
	GlobalSection(ProjectConfigurationPlatforms) = postSolution
		{BAF38DBA-72AC-453F-A211-063E4689E304}.Debug|Any CPU.ActiveCfg = Debug|Any CPU
		{BAF38DBA-72AC-453F-A211-063E4689E304}.Debug|Any CPU.Build.0 = Debug|Any CPU
		{BAF38DBA-72AC-453F-A211-063E4689E304}.Release|Any CPU.ActiveCfg = Release|Any CPU
		{BAF38DBA-72AC-453F-A211-063E4689E304}.Release|Any CPU.Build.0 = Release|Any CPU
	EndGlobalSection
	GlobalSection(SolutionProperties) = preSolution
		HideSolutionNode = FALSE
	EndGlobalSection
	GlobalSection(ExtensibilityGlobals) = postSolution
		SolutionGuid = {448A76E7-6B76-4604-8BED-C5FF66DC8EDE}
	EndGlobalSection
EndGlobal
